
Microsoft Visual Studio Solution File, Format Version 12.00
# Visual Studio Version 17
VisualStudioVersion = 17.3.32922.545
MinimumVisualStudioVersion = 10.0.40219.1
Project("{9A19103F-16F7-4668-BE54-9A1E7A4F7556}") = "AbstractFactory", "AbstractFactory\AbstractFactory.csproj", "{76A7BEF0-2574-45B0-9B91-8AF7040048A4}"
EndProject
Project("{9A19103F-16F7-4668-BE54-9A1E7A4F7556}") = "Singleton", "Singleton\Singleton.csproj", "{581FE3BD-054C-44CD-B450-1118DE9A7355}"
EndProject
Project("{9A19103F-16F7-4668-BE54-9A1E7A4F7556}") = "DbConnectionSingleton", "DbConnectionSingleton\DbConnectionSingleton.csproj", "{3A7E6EAD-F926-4C48-8F9B-24CCE1D6A1AF}"
EndProject
Project("{9A19103F-16F7-4668-BE54-9A1E7A4F7556}") = "Composite", "Composite\Composite.csproj", "{0D61F64C-37E9-4734-99A5-29E70E594FFB}"
EndProject
Project("{9A19103F-16F7-4668-BE54-9A1E7A4F7556}") = "TemplateMethod", "TemplateMethod\TemplateMethod.csproj", "{F9CEE19F-380C-4EE7-8EF4-9E941D4A340F}"
EndProject
Project("{9A19103F-16F7-4668-BE54-9A1E7A4F7556}") = "Command", "Command\Command.csproj", "{417593D1-1D2D-416D-AEF0-4B3E721C42A8}"
EndProject
Project("{9A19103F-16F7-4668-BE54-9A1E7A4F7556}") = "Strategy", "Strategy\Strategy.csproj", "{7FEC1C4E-9E31-45D3-A9AF-046BF558DC17}"
EndProject
Project("{FAE04EC0-301F-11D3-BF4B-00C04F79EFBC}") = "State", "State\State.csproj", "{1EA20E9E-BCDF-470F-AA5E-94E4B1A6B47B}"
EndProject
Global
	GlobalSection(SolutionConfigurationPlatforms) = preSolution
		Debug|Any CPU = Debug|Any CPU
		Release|Any CPU = Release|Any CPU
	EndGlobalSection
	GlobalSection(ProjectConfigurationPlatforms) = postSolution
		{76A7BEF0-2574-45B0-9B91-8AF7040048A4}.Debug|Any CPU.ActiveCfg = Debug|Any CPU
		{76A7BEF0-2574-45B0-9B91-8AF7040048A4}.Debug|Any CPU.Build.0 = Debug|Any CPU
		{76A7BEF0-2574-45B0-9B91-8AF7040048A4}.Release|Any CPU.ActiveCfg = Release|Any CPU
		{76A7BEF0-2574-45B0-9B91-8AF7040048A4}.Release|Any CPU.Build.0 = Release|Any CPU
		{581FE3BD-054C-44CD-B450-1118DE9A7355}.Debug|Any CPU.ActiveCfg = Debug|Any CPU
		{581FE3BD-054C-44CD-B450-1118DE9A7355}.Debug|Any CPU.Build.0 = Debug|Any CPU
		{581FE3BD-054C-44CD-B450-1118DE9A7355}.Release|Any CPU.ActiveCfg = Release|Any CPU
		{581FE3BD-054C-44CD-B450-1118DE9A7355}.Release|Any CPU.Build.0 = Release|Any CPU
		{3A7E6EAD-F926-4C48-8F9B-24CCE1D6A1AF}.Debug|Any CPU.ActiveCfg = Debug|Any CPU
		{3A7E6EAD-F926-4C48-8F9B-24CCE1D6A1AF}.Debug|Any CPU.Build.0 = Debug|Any CPU
		{3A7E6EAD-F926-4C48-8F9B-24CCE1D6A1AF}.Release|Any CPU.ActiveCfg = Release|Any CPU
		{3A7E6EAD-F926-4C48-8F9B-24CCE1D6A1AF}.Release|Any CPU.Build.0 = Release|Any CPU
		{0D61F64C-37E9-4734-99A5-29E70E594FFB}.Debug|Any CPU.ActiveCfg = Debug|Any CPU
		{0D61F64C-37E9-4734-99A5-29E70E594FFB}.Debug|Any CPU.Build.0 = Debug|Any CPU
		{0D61F64C-37E9-4734-99A5-29E70E594FFB}.Release|Any CPU.ActiveCfg = Release|Any CPU
		{0D61F64C-37E9-4734-99A5-29E70E594FFB}.Release|Any CPU.Build.0 = Release|Any CPU
		{F9CEE19F-380C-4EE7-8EF4-9E941D4A340F}.Debug|Any CPU.ActiveCfg = Debug|Any CPU
		{F9CEE19F-380C-4EE7-8EF4-9E941D4A340F}.Debug|Any CPU.Build.0 = Debug|Any CPU
		{F9CEE19F-380C-4EE7-8EF4-9E941D4A340F}.Release|Any CPU.ActiveCfg = Release|Any CPU
		{F9CEE19F-380C-4EE7-8EF4-9E941D4A340F}.Release|Any CPU.Build.0 = Release|Any CPU
		{417593D1-1D2D-416D-AEF0-4B3E721C42A8}.Debug|Any CPU.ActiveCfg = Debug|Any CPU
		{417593D1-1D2D-416D-AEF0-4B3E721C42A8}.Debug|Any CPU.Build.0 = Debug|Any CPU
		{417593D1-1D2D-416D-AEF0-4B3E721C42A8}.Release|Any CPU.ActiveCfg = Release|Any CPU
		{417593D1-1D2D-416D-AEF0-4B3E721C42A8}.Release|Any CPU.Build.0 = Release|Any CPU
		{7FEC1C4E-9E31-45D3-A9AF-046BF558DC17}.Debug|Any CPU.ActiveCfg = Debug|Any CPU
		{7FEC1C4E-9E31-45D3-A9AF-046BF558DC17}.Debug|Any CPU.Build.0 = Debug|Any CPU
		{7FEC1C4E-9E31-45D3-A9AF-046BF558DC17}.Release|Any CPU.ActiveCfg = Release|Any CPU
		{7FEC1C4E-9E31-45D3-A9AF-046BF558DC17}.Release|Any CPU.Build.0 = Release|Any CPU
		{1EA20E9E-BCDF-470F-AA5E-94E4B1A6B47B}.Debug|Any CPU.ActiveCfg = Debug|Any CPU
		{1EA20E9E-BCDF-470F-AA5E-94E4B1A6B47B}.Debug|Any CPU.Build.0 = Debug|Any CPU
		{1EA20E9E-BCDF-470F-AA5E-94E4B1A6B47B}.Release|Any CPU.ActiveCfg = Release|Any CPU
		{1EA20E9E-BCDF-470F-AA5E-94E4B1A6B47B}.Release|Any CPU.Build.0 = Release|Any CPU
	EndGlobalSection
	GlobalSection(SolutionProperties) = preSolution
		HideSolutionNode = FALSE
	EndGlobalSection
	GlobalSection(ExtensibilityGlobals) = postSolution
		SolutionGuid = {314CCF3B-4ECB-42F2-B07F-557CA19A59B3}
	EndGlobalSection
EndGlobal
